
Microsoft Visual Studio Solution File, Format Version 12.00
# Visual Studio Version 17
VisualStudioVersion = 17.7.34024.191
MinimumVisualStudioVersion = 10.0.40219.1
Project("{FAE04EC0-301F-11D3-BF4B-00C04F79EFBC}") = "KSnake", "KSnake.csproj", "{64DCFF74-25C2-4C62-8CBB-314ABBB85B13}"
EndProject
Global
	GlobalSection(SolutionConfigurationPlatforms) = preSolution
		Debug|Any CPU = Debug|Any CPU
		Release|Any CPU = Release|Any CPU
	EndGlobalSection
	GlobalSection(ProjectConfigurationPlatforms) = postSolution
		{64DCFF74-25C2-4C62-8CBB-314ABBB85B13}.Debug|Any CPU.ActiveCfg = Debug|Any CPU
		{64DCFF74-25C2-4C62-8CBB-314ABBB85B13}.Debug|Any CPU.Build.0 = Debug|Any CPU
		{64DCFF74-25C2-4C62-8CBB-314ABBB85B13}.Release|Any CPU.ActiveCfg = Release|Any CPU
		{64DCFF74-25C2-4C62-8CBB-314ABBB85B13}.Release|Any CPU.Build.0 = Release|Any CPU
	EndGlobalSection
	GlobalSection(SolutionProperties) = preSolution
		HideSolutionNode = FALSE
	EndGlobalSection
	GlobalSection(ExtensibilityGlobals) = postSolution
		SolutionGuid = {3A65AE3C-8D29-4A5D-A8BC-9F0C0BB36A09}
	EndGlobalSection
EndGlobal
